
Microsoft Visual Studio Solution File, Format Version 12.00
# Visual Studio Version 17
VisualStudioVersion = 17.5.002.0
MinimumVisualStudioVersion = 10.0.40219.1
Project("{9A19103F-16F7-4668-BE54-9A1E7A4F7556}") = "com.bsmntec.maxout", "com.bsmntec.maxout.csproj", "{4E57F4E0-9774-4EAB-B6D8-1419400910FC}"
EndProject
Global
	GlobalSection(SolutionConfigurationPlatforms) = preSolution
		Debug|Any CPU = Debug|Any CPU
		Release|Any CPU = Release|Any CPU
	EndGlobalSection
	GlobalSection(ProjectConfigurationPlatforms) = postSolution
		{4E57F4E0-9774-4EAB-B6D8-1419400910FC}.Debug|Any CPU.ActiveCfg = Debug|Any CPU
		{4E57F4E0-9774-4EAB-B6D8-1419400910FC}.Debug|Any CPU.Build.0 = Debug|Any CPU
		{4E57F4E0-9774-4EAB-B6D8-1419400910FC}.Release|Any CPU.ActiveCfg = Release|Any CPU
		{4E57F4E0-9774-4EAB-B6D8-1419400910FC}.Release|Any CPU.Build.0 = Release|Any CPU
	EndGlobalSection
	GlobalSection(SolutionProperties) = preSolution
		HideSolutionNode = FALSE
	EndGlobalSection
	GlobalSection(ExtensibilityGlobals) = postSolution
		SolutionGuid = {11B80B45-3FD2-4D59-80A6-0C428013F7A9}
	EndGlobalSection
EndGlobal
